
Microsoft Visual Studio Solution File, Format Version 12.00
# Visual Studio Version 17
VisualStudioVersion = 17.6.33829.357
MinimumVisualStudioVersion = 10.0.40219.1
Project("{FAE04EC0-301F-11D3-BF4B-00C04F79EFBC}") = "herencia", "herencia\herencia.csproj", "{DD729A69-F871-4101-9E3C-87E06253B704}"
EndProject
Global
	GlobalSection(SolutionConfigurationPlatforms) = preSolution
		Debug|Any CPU = Debug|Any CPU
		Release|Any CPU = Release|Any CPU
	EndGlobalSection
	GlobalSection(ProjectConfigurationPlatforms) = postSolution
		{DD729A69-F871-4101-9E3C-87E06253B704}.Debug|Any CPU.ActiveCfg = Debug|Any CPU
		{DD729A69-F871-4101-9E3C-87E06253B704}.Debug|Any CPU.Build.0 = Debug|Any CPU
		{DD729A69-F871-4101-9E3C-87E06253B704}.Release|Any CPU.ActiveCfg = Release|Any CPU
		{DD729A69-F871-4101-9E3C-87E06253B704}.Release|Any CPU.Build.0 = Release|Any CPU
	EndGlobalSection
	GlobalSection(SolutionProperties) = preSolution
		HideSolutionNode = FALSE
	EndGlobalSection
	GlobalSection(ExtensibilityGlobals) = postSolution
		SolutionGuid = {37BF9167-F45D-44B9-84F9-CA3010ADC3EF}
	EndGlobalSection
EndGlobal
